
Microsoft Visual Studio Solution File, Format Version 12.00
# Visual Studio 15
VisualStudioVersion = 15.0.26730.0
MinimumVisualStudioVersion = 10.0.40219.1
Project("{FAE04EC0-301F-11D3-BF4B-00C04F79EFBC}") = "poczatek", "poczatek\poczatek.csproj", "{A02DCF24-9CA0-4C31-88EA-BDD504A7E4F0}"
EndProject
Global
	GlobalSection(SolutionConfigurationPlatforms) = preSolution
		Debug|Any CPU = Debug|Any CPU
		Release|Any CPU = Release|Any CPU
	EndGlobalSection
	GlobalSection(ProjectConfigurationPlatforms) = postSolution
		{A02DCF24-9CA0-4C31-88EA-BDD504A7E4F0}.Debug|Any CPU.ActiveCfg = Debug|Any CPU
		{A02DCF24-9CA0-4C31-88EA-BDD504A7E4F0}.Debug|Any CPU.Build.0 = Debug|Any CPU
		{A02DCF24-9CA0-4C31-88EA-BDD504A7E4F0}.Release|Any CPU.ActiveCfg = Release|Any CPU
		{A02DCF24-9CA0-4C31-88EA-BDD504A7E4F0}.Release|Any CPU.Build.0 = Release|Any CPU
	EndGlobalSection
	GlobalSection(SolutionProperties) = preSolution
		HideSolutionNode = FALSE
	EndGlobalSection
	GlobalSection(ExtensibilityGlobals) = postSolution
		SolutionGuid = {CE051373-14CD-46AE-B860-B174F6CD822A}
	EndGlobalSection
EndGlobal
